
Microsoft Visual Studio Solution File, Format Version 12.00
# Visual Studio Version 16
VisualStudioVersion = 16.0.28407.52
MinimumVisualStudioVersion = 10.0.40219.1
Project("{9A19103F-16F7-4668-BE54-9A1E7A4F7556}") = "DependencyInjection", "DependencyInjection\DependencyInjection.csproj", "{01487A04-9064-41CD-ABBF-A65DA8FB37CB}"
EndProject
Global
	GlobalSection(SolutionConfigurationPlatforms) = preSolution
		Debug|Any CPU = Debug|Any CPU
		Release|Any CPU = Release|Any CPU
	EndGlobalSection
	GlobalSection(ProjectConfigurationPlatforms) = postSolution
		{01487A04-9064-41CD-ABBF-A65DA8FB37CB}.Debug|Any CPU.ActiveCfg = Debug|Any CPU
		{01487A04-9064-41CD-ABBF-A65DA8FB37CB}.Debug|Any CPU.Build.0 = Debug|Any CPU
		{01487A04-9064-41CD-ABBF-A65DA8FB37CB}.Release|Any CPU.ActiveCfg = Release|Any CPU
		{01487A04-9064-41CD-ABBF-A65DA8FB37CB}.Release|Any CPU.Build.0 = Release|Any CPU
	EndGlobalSection
	GlobalSection(SolutionProperties) = preSolution
		HideSolutionNode = FALSE
	EndGlobalSection
	GlobalSection(ExtensibilityGlobals) = postSolution
		SolutionGuid = {796D12AD-B2F7-458D-A98E-245B8F1EB363}
	EndGlobalSection
EndGlobal
