
Microsoft Visual Studio Solution File, Format Version 12.00
# Visual Studio Version 16
VisualStudioVersion = 16.0.28407.52
MinimumVisualStudioVersion = 10.0.40219.1
Project("{9A19103F-16F7-4668-BE54-9A1E7A4F7556}") = "DependencyInjection", "DependencyInjection\DependencyInjection.csproj", "{01487A04-9064-41CD-ABBF-A65DA8FB37CB}"
EndProject
Project("{9A19103F-16F7-4668-BE54-9A1E7A4F7556}") = "LoggingMiddleware", "LoggingMiddleware\LoggingMiddleware.csproj", "{178DEC06-10C8-4677-8AF0-4C6C8D67C04A}"
EndProject
Project("{9A19103F-16F7-4668-BE54-9A1E7A4F7556}") = "GenericHost", "GenericHost\GenericHost.csproj", "{2FDED36F-8E74-4BA4-964C-32439CCA3EDE}"
EndProject
Project("{2150E333-8FDC-42A3-9474-1A3956D46DE8}") = "Solution Items", "Solution Items", "{E1D9E3E8-A683-42D7-8A74-E3F9020E7BD7}"
	ProjectSection(SolutionItems) = preProject
		..\README.md = ..\README.md
	EndProjectSection
EndProject
Project("{9A19103F-16F7-4668-BE54-9A1E7A4F7556}") = "FileStreaming", "FileStreaming\FileStreaming.csproj", "{EF1C7332-5BD1-4B63-91F3-B1E08CFD362F}"
EndProject
Project("{9A19103F-16F7-4668-BE54-9A1E7A4F7556}") = "Configuration", "Configuration\Configuration.csproj", "{FC0D44A3-7E8F-48A7-BF98-35237B08A455}"
EndProject
Project("{9A19103F-16F7-4668-BE54-9A1E7A4F7556}") = "CustomMiddleware", "CustomMiddleware\CustomMiddleware.csproj", "{290FC79B-4885-4DCE-821F-A7D9D5A0B7A9}"
EndProject
Project("{2150E333-8FDC-42A3-9474-1A3956D46DE8}") = "netcore3.0", "netcore3.0", "{D2696B15-F92C-418E-A590-82F113C93D42}"
EndProject
Project("{9A19103F-16F7-4668-BE54-9A1E7A4F7556}") = "MvcViews", "MvcViews\MvcViews.csproj", "{F3F3D78F-447B-45AC-9B1C-C88ECC2CB663}"
EndProject
Project("{2150E333-8FDC-42A3-9474-1A3956D46DE8}") = "aspcore3.0", "aspcore3.0", "{713AA1B8-92AE-41C9-86B1-4482F424940F}"
EndProject
Project("{9A19103F-16F7-4668-BE54-9A1E7A4F7556}") = "NoStartup", "NoStartup\NoStartup.csproj", "{92D016A8-D81A-4248-A406-8F8BFA759E53}"
EndProject
Project("{9A19103F-16F7-4668-BE54-9A1E7A4F7556}") = "OptionsPattern", "OptionsPattern\OptionsPattern.csproj", "{E99F796E-3C23-4986-A660-7A12E4617247}"
EndProject
Project("{9A19103F-16F7-4668-BE54-9A1E7A4F7556}") = "Routing", "Routing\Routing.csproj", "{5B4799CE-0DEC-435F-B4B7-7440E4C8FD1F}"
EndProject
Project("{9A19103F-16F7-4668-BE54-9A1E7A4F7556}") = "Binding", "Binding\Binding.csproj", "{FE248A32-5EC6-44DA-A81E-B4A286230705}"
EndProject
Project("{9A19103F-16F7-4668-BE54-9A1E7A4F7556}") = "RazorSyntax", "RazorSyntax\RazorSyntax.csproj", "{6F982FA6-F8B4-4D3B-A8F6-292516932B0E}"
EndProject
Project("{9A19103F-16F7-4668-BE54-9A1E7A4F7556}") = "Validation", "Validation\Validation.csproj", "{E2F77C4F-8189-4CA2-B2C7-311D5676ACDC}"
EndProject
Project("{9A19103F-16F7-4668-BE54-9A1E7A4F7556}") = "ActionFilters", "ActionFilters\ActionFilters.csproj", "{F89A7034-2403-4011-9194-B1FFC2B00118}"
EndProject
Project("{9A19103F-16F7-4668-BE54-9A1E7A4F7556}") = "ExampleRazorClassLib", "ExampleRazorClassLib\ExampleRazorClassLib.csproj", "{1FA60D6A-6495-4C6A-BC54-0D922A7E6E46}"
EndProject
Project("{9A19103F-16F7-4668-BE54-9A1E7A4F7556}") = "UsingRCL", "UsingRCL\UsingRCL.csproj", "{596D4C2B-BBA7-419C-AA44-773677F105EE}"
EndProject
Project("{2150E333-8FDC-42A3-9474-1A3956D46DE8}") = "RCL", "RCL", "{C974CEE2-1C69-4E73-95B5-1B2C26992558}"
EndProject
Project("{9A19103F-16F7-4668-BE54-9A1E7A4F7556}") = "ScaffoldIdentityExample", "ScaffoldIdentityExample\ScaffoldIdentityExample.csproj", "{A8BBFF80-794B-4E6A-B6CA-EFC7E9A4FCB8}"
EndProject
Project("{9A19103F-16F7-4668-BE54-9A1E7A4F7556}") = "GoogleAuth", "GoogleAuth\GoogleAuth.csproj", "{8C89810E-AF02-44CE-A99B-A3D59C9E4DEC}"
EndProject
Project("{2150E333-8FDC-42A3-9474-1A3956D46DE8}") = "UnitTests", "UnitTests", "{619E13DC-FD6E-4779-B171-8B82C73877E2}"
EndProject
Project("{9A19103F-16F7-4668-BE54-9A1E7A4F7556}") = "SUT", "SUT\SUT.csproj", "{70DF4954-7F38-48B6-985D-B1A248AFDCC7}"
EndProject
Project("{9A19103F-16F7-4668-BE54-9A1E7A4F7556}") = "SUT.Tests", "SUT.Tests\SUT.Tests.csproj", "{7316C53C-499A-407D-8D1D-241516485829}"
EndProject
Project("{9A19103F-16F7-4668-BE54-9A1E7A4F7556}") = "SUT.IntegrationTests", "SUT.IntegrationTests\SUT.IntegrationTests.csproj", "{3C37E0BD-A3B5-48FB-84F8-B9EC065B25F2}"
EndProject
Global
	GlobalSection(SolutionConfigurationPlatforms) = preSolution
		Debug|Any CPU = Debug|Any CPU
		Release|Any CPU = Release|Any CPU
	EndGlobalSection
	GlobalSection(ProjectConfigurationPlatforms) = postSolution
		{01487A04-9064-41CD-ABBF-A65DA8FB37CB}.Debug|Any CPU.ActiveCfg = Debug|Any CPU
		{01487A04-9064-41CD-ABBF-A65DA8FB37CB}.Debug|Any CPU.Build.0 = Debug|Any CPU
		{01487A04-9064-41CD-ABBF-A65DA8FB37CB}.Release|Any CPU.ActiveCfg = Release|Any CPU
		{01487A04-9064-41CD-ABBF-A65DA8FB37CB}.Release|Any CPU.Build.0 = Release|Any CPU
		{178DEC06-10C8-4677-8AF0-4C6C8D67C04A}.Debug|Any CPU.ActiveCfg = Debug|Any CPU
		{178DEC06-10C8-4677-8AF0-4C6C8D67C04A}.Debug|Any CPU.Build.0 = Debug|Any CPU
		{178DEC06-10C8-4677-8AF0-4C6C8D67C04A}.Release|Any CPU.ActiveCfg = Release|Any CPU
		{178DEC06-10C8-4677-8AF0-4C6C8D67C04A}.Release|Any CPU.Build.0 = Release|Any CPU
		{2FDED36F-8E74-4BA4-964C-32439CCA3EDE}.Debug|Any CPU.ActiveCfg = Debug|Any CPU
		{2FDED36F-8E74-4BA4-964C-32439CCA3EDE}.Debug|Any CPU.Build.0 = Debug|Any CPU
		{2FDED36F-8E74-4BA4-964C-32439CCA3EDE}.Release|Any CPU.ActiveCfg = Release|Any CPU
		{2FDED36F-8E74-4BA4-964C-32439CCA3EDE}.Release|Any CPU.Build.0 = Release|Any CPU
		{EF1C7332-5BD1-4B63-91F3-B1E08CFD362F}.Debug|Any CPU.ActiveCfg = Debug|Any CPU
		{EF1C7332-5BD1-4B63-91F3-B1E08CFD362F}.Debug|Any CPU.Build.0 = Debug|Any CPU
		{EF1C7332-5BD1-4B63-91F3-B1E08CFD362F}.Release|Any CPU.ActiveCfg = Release|Any CPU
		{EF1C7332-5BD1-4B63-91F3-B1E08CFD362F}.Release|Any CPU.Build.0 = Release|Any CPU
		{FC0D44A3-7E8F-48A7-BF98-35237B08A455}.Debug|Any CPU.ActiveCfg = Debug|Any CPU
		{FC0D44A3-7E8F-48A7-BF98-35237B08A455}.Debug|Any CPU.Build.0 = Debug|Any CPU
		{FC0D44A3-7E8F-48A7-BF98-35237B08A455}.Release|Any CPU.ActiveCfg = Release|Any CPU
		{FC0D44A3-7E8F-48A7-BF98-35237B08A455}.Release|Any CPU.Build.0 = Release|Any CPU
		{290FC79B-4885-4DCE-821F-A7D9D5A0B7A9}.Debug|Any CPU.ActiveCfg = Debug|Any CPU
		{290FC79B-4885-4DCE-821F-A7D9D5A0B7A9}.Debug|Any CPU.Build.0 = Debug|Any CPU
		{290FC79B-4885-4DCE-821F-A7D9D5A0B7A9}.Release|Any CPU.ActiveCfg = Release|Any CPU
		{290FC79B-4885-4DCE-821F-A7D9D5A0B7A9}.Release|Any CPU.Build.0 = Release|Any CPU
		{F3F3D78F-447B-45AC-9B1C-C88ECC2CB663}.Debug|Any CPU.ActiveCfg = Debug|Any CPU
		{F3F3D78F-447B-45AC-9B1C-C88ECC2CB663}.Debug|Any CPU.Build.0 = Debug|Any CPU
		{F3F3D78F-447B-45AC-9B1C-C88ECC2CB663}.Release|Any CPU.ActiveCfg = Release|Any CPU
		{F3F3D78F-447B-45AC-9B1C-C88ECC2CB663}.Release|Any CPU.Build.0 = Release|Any CPU
		{92D016A8-D81A-4248-A406-8F8BFA759E53}.Debug|Any CPU.ActiveCfg = Debug|Any CPU
		{92D016A8-D81A-4248-A406-8F8BFA759E53}.Debug|Any CPU.Build.0 = Debug|Any CPU
		{92D016A8-D81A-4248-A406-8F8BFA759E53}.Release|Any CPU.ActiveCfg = Release|Any CPU
		{92D016A8-D81A-4248-A406-8F8BFA759E53}.Release|Any CPU.Build.0 = Release|Any CPU
		{E99F796E-3C23-4986-A660-7A12E4617247}.Debug|Any CPU.ActiveCfg = Debug|Any CPU
		{E99F796E-3C23-4986-A660-7A12E4617247}.Debug|Any CPU.Build.0 = Debug|Any CPU
		{E99F796E-3C23-4986-A660-7A12E4617247}.Release|Any CPU.ActiveCfg = Release|Any CPU
		{E99F796E-3C23-4986-A660-7A12E4617247}.Release|Any CPU.Build.0 = Release|Any CPU
		{5B4799CE-0DEC-435F-B4B7-7440E4C8FD1F}.Debug|Any CPU.ActiveCfg = Debug|Any CPU
		{5B4799CE-0DEC-435F-B4B7-7440E4C8FD1F}.Debug|Any CPU.Build.0 = Debug|Any CPU
		{5B4799CE-0DEC-435F-B4B7-7440E4C8FD1F}.Release|Any CPU.ActiveCfg = Release|Any CPU
		{5B4799CE-0DEC-435F-B4B7-7440E4C8FD1F}.Release|Any CPU.Build.0 = Release|Any CPU
		{FE248A32-5EC6-44DA-A81E-B4A286230705}.Debug|Any CPU.ActiveCfg = Debug|Any CPU
		{FE248A32-5EC6-44DA-A81E-B4A286230705}.Debug|Any CPU.Build.0 = Debug|Any CPU
		{FE248A32-5EC6-44DA-A81E-B4A286230705}.Release|Any CPU.ActiveCfg = Release|Any CPU
		{FE248A32-5EC6-44DA-A81E-B4A286230705}.Release|Any CPU.Build.0 = Release|Any CPU
		{6F982FA6-F8B4-4D3B-A8F6-292516932B0E}.Debug|Any CPU.ActiveCfg = Debug|Any CPU
		{6F982FA6-F8B4-4D3B-A8F6-292516932B0E}.Debug|Any CPU.Build.0 = Debug|Any CPU
		{6F982FA6-F8B4-4D3B-A8F6-292516932B0E}.Release|Any CPU.ActiveCfg = Release|Any CPU
		{6F982FA6-F8B4-4D3B-A8F6-292516932B0E}.Release|Any CPU.Build.0 = Release|Any CPU
		{E2F77C4F-8189-4CA2-B2C7-311D5676ACDC}.Debug|Any CPU.ActiveCfg = Debug|Any CPU
		{E2F77C4F-8189-4CA2-B2C7-311D5676ACDC}.Debug|Any CPU.Build.0 = Debug|Any CPU
		{E2F77C4F-8189-4CA2-B2C7-311D5676ACDC}.Release|Any CPU.ActiveCfg = Release|Any CPU
		{E2F77C4F-8189-4CA2-B2C7-311D5676ACDC}.Release|Any CPU.Build.0 = Release|Any CPU
		{F89A7034-2403-4011-9194-B1FFC2B00118}.Debug|Any CPU.ActiveCfg = Debug|Any CPU
		{F89A7034-2403-4011-9194-B1FFC2B00118}.Debug|Any CPU.Build.0 = Debug|Any CPU
		{F89A7034-2403-4011-9194-B1FFC2B00118}.Release|Any CPU.ActiveCfg = Release|Any CPU
		{F89A7034-2403-4011-9194-B1FFC2B00118}.Release|Any CPU.Build.0 = Release|Any CPU
		{1FA60D6A-6495-4C6A-BC54-0D922A7E6E46}.Debug|Any CPU.ActiveCfg = Debug|Any CPU
		{1FA60D6A-6495-4C6A-BC54-0D922A7E6E46}.Debug|Any CPU.Build.0 = Debug|Any CPU
		{1FA60D6A-6495-4C6A-BC54-0D922A7E6E46}.Release|Any CPU.ActiveCfg = Release|Any CPU
		{1FA60D6A-6495-4C6A-BC54-0D922A7E6E46}.Release|Any CPU.Build.0 = Release|Any CPU
		{596D4C2B-BBA7-419C-AA44-773677F105EE}.Debug|Any CPU.ActiveCfg = Debug|Any CPU
		{596D4C2B-BBA7-419C-AA44-773677F105EE}.Debug|Any CPU.Build.0 = Debug|Any CPU
		{596D4C2B-BBA7-419C-AA44-773677F105EE}.Release|Any CPU.ActiveCfg = Release|Any CPU
		{596D4C2B-BBA7-419C-AA44-773677F105EE}.Release|Any CPU.Build.0 = Release|Any CPU
		{A8BBFF80-794B-4E6A-B6CA-EFC7E9A4FCB8}.Debug|Any CPU.ActiveCfg = Debug|Any CPU
		{A8BBFF80-794B-4E6A-B6CA-EFC7E9A4FCB8}.Debug|Any CPU.Build.0 = Debug|Any CPU
		{A8BBFF80-794B-4E6A-B6CA-EFC7E9A4FCB8}.Release|Any CPU.ActiveCfg = Release|Any CPU
		{A8BBFF80-794B-4E6A-B6CA-EFC7E9A4FCB8}.Release|Any CPU.Build.0 = Release|Any CPU
		{8C89810E-AF02-44CE-A99B-A3D59C9E4DEC}.Debug|Any CPU.ActiveCfg = Debug|Any CPU
		{8C89810E-AF02-44CE-A99B-A3D59C9E4DEC}.Debug|Any CPU.Build.0 = Debug|Any CPU
		{8C89810E-AF02-44CE-A99B-A3D59C9E4DEC}.Release|Any CPU.ActiveCfg = Release|Any CPU
		{8C89810E-AF02-44CE-A99B-A3D59C9E4DEC}.Release|Any CPU.Build.0 = Release|Any CPU
		{70DF4954-7F38-48B6-985D-B1A248AFDCC7}.Debug|Any CPU.ActiveCfg = Debug|Any CPU
		{70DF4954-7F38-48B6-985D-B1A248AFDCC7}.Debug|Any CPU.Build.0 = Debug|Any CPU
		{70DF4954-7F38-48B6-985D-B1A248AFDCC7}.Release|Any CPU.ActiveCfg = Release|Any CPU
		{70DF4954-7F38-48B6-985D-B1A248AFDCC7}.Release|Any CPU.Build.0 = Release|Any CPU
		{7316C53C-499A-407D-8D1D-241516485829}.Debug|Any CPU.ActiveCfg = Debug|Any CPU
		{7316C53C-499A-407D-8D1D-241516485829}.Debug|Any CPU.Build.0 = Debug|Any CPU
		{7316C53C-499A-407D-8D1D-241516485829}.Release|Any CPU.ActiveCfg = Release|Any CPU
		{7316C53C-499A-407D-8D1D-241516485829}.Release|Any CPU.Build.0 = Release|Any CPU
		{3C37E0BD-A3B5-48FB-84F8-B9EC065B25F2}.Debug|Any CPU.ActiveCfg = Debug|Any CPU
		{3C37E0BD-A3B5-48FB-84F8-B9EC065B25F2}.Debug|Any CPU.Build.0 = Debug|Any CPU
		{3C37E0BD-A3B5-48FB-84F8-B9EC065B25F2}.Release|Any CPU.ActiveCfg = Release|Any CPU
		{3C37E0BD-A3B5-48FB-84F8-B9EC065B25F2}.Release|Any CPU.Build.0 = Release|Any CPU
	EndGlobalSection
	GlobalSection(SolutionProperties) = preSolution
		HideSolutionNode = FALSE
	EndGlobalSection
	GlobalSection(NestedProjects) = preSolution
		{01487A04-9064-41CD-ABBF-A65DA8FB37CB} = {713AA1B8-92AE-41C9-86B1-4482F424940F}
		{2FDED36F-8E74-4BA4-964C-32439CCA3EDE} = {D2696B15-F92C-418E-A590-82F113C93D42}
		{FC0D44A3-7E8F-48A7-BF98-35237B08A455} = {713AA1B8-92AE-41C9-86B1-4482F424940F}
		{290FC79B-4885-4DCE-821F-A7D9D5A0B7A9} = {713AA1B8-92AE-41C9-86B1-4482F424940F}
		{F3F3D78F-447B-45AC-9B1C-C88ECC2CB663} = {713AA1B8-92AE-41C9-86B1-4482F424940F}
		{92D016A8-D81A-4248-A406-8F8BFA759E53} = {713AA1B8-92AE-41C9-86B1-4482F424940F}
		{E99F796E-3C23-4986-A660-7A12E4617247} = {713AA1B8-92AE-41C9-86B1-4482F424940F}
		{5B4799CE-0DEC-435F-B4B7-7440E4C8FD1F} = {713AA1B8-92AE-41C9-86B1-4482F424940F}
		{FE248A32-5EC6-44DA-A81E-B4A286230705} = {713AA1B8-92AE-41C9-86B1-4482F424940F}
		{6F982FA6-F8B4-4D3B-A8F6-292516932B0E} = {713AA1B8-92AE-41C9-86B1-4482F424940F}
		{E2F77C4F-8189-4CA2-B2C7-311D5676ACDC} = {713AA1B8-92AE-41C9-86B1-4482F424940F}
		{F89A7034-2403-4011-9194-B1FFC2B00118} = {713AA1B8-92AE-41C9-86B1-4482F424940F}
		{1FA60D6A-6495-4C6A-BC54-0D922A7E6E46} = {C974CEE2-1C69-4E73-95B5-1B2C26992558}
		{596D4C2B-BBA7-419C-AA44-773677F105EE} = {C974CEE2-1C69-4E73-95B5-1B2C26992558}
		{C974CEE2-1C69-4E73-95B5-1B2C26992558} = {713AA1B8-92AE-41C9-86B1-4482F424940F}
		{A8BBFF80-794B-4E6A-B6CA-EFC7E9A4FCB8} = {713AA1B8-92AE-41C9-86B1-4482F424940F}
		{8C89810E-AF02-44CE-A99B-A3D59C9E4DEC} = {713AA1B8-92AE-41C9-86B1-4482F424940F}
	EndGlobalSection
	GlobalSection(ExtensibilityGlobals) = postSolution
		SolutionGuid = {796D12AD-B2F7-458D-A98E-245B8F1EB363}
	EndGlobalSection
EndGlobal
